
Microsoft Visual Studio Solution File, Format Version 12.00
# Visual Studio Version 17
VisualStudioVersion = 17.0.32126.317
MinimumVisualStudioVersion = 10.0.40219.1
Project("{FAE04EC0-301F-11D3-BF4B-00C04F79EFBC}") = "whatsApp.Android", "whatsApp\whatsApp.Android\whatsApp.Android.csproj", "{E224E35C-7B38-47A4-976A-1C6436A232A8}"
EndProject
Project("{FAE04EC0-301F-11D3-BF4B-00C04F79EFBC}") = "whatsApp.iOS", "whatsApp\whatsApp.iOS\whatsApp.iOS.csproj", "{A5271872-1B8D-4D52-97FD-73448CCF2616}"
EndProject
Project("{FAE04EC0-301F-11D3-BF4B-00C04F79EFBC}") = "whatsApp", "whatsApp\whatsApp\whatsApp.csproj", "{EAC46B92-06BD-433C-8B10-00250C94BA08}"
EndProject
Global
	GlobalSection(SolutionConfigurationPlatforms) = preSolution
		Debug|Any CPU = Debug|Any CPU
		Debug|iPhone = Debug|iPhone
		Debug|iPhoneSimulator = Debug|iPhoneSimulator
		Release|Any CPU = Release|Any CPU
		Release|iPhone = Release|iPhone
		Release|iPhoneSimulator = Release|iPhoneSimulator
	EndGlobalSection
	GlobalSection(ProjectConfigurationPlatforms) = postSolution
		{E224E35C-7B38-47A4-976A-1C6436A232A8}.Debug|Any CPU.ActiveCfg = Debug|Any CPU
		{E224E35C-7B38-47A4-976A-1C6436A232A8}.Debug|Any CPU.Build.0 = Debug|Any CPU
		{E224E35C-7B38-47A4-976A-1C6436A232A8}.Debug|Any CPU.Deploy.0 = Debug|Any CPU
		{E224E35C-7B38-47A4-976A-1C6436A232A8}.Debug|iPhone.ActiveCfg = Debug|Any CPU
		{E224E35C-7B38-47A4-976A-1C6436A232A8}.Debug|iPhone.Build.0 = Debug|Any CPU
		{E224E35C-7B38-47A4-976A-1C6436A232A8}.Debug|iPhone.Deploy.0 = Debug|Any CPU
		{E224E35C-7B38-47A4-976A-1C6436A232A8}.Debug|iPhoneSimulator.ActiveCfg = Debug|Any CPU
		{E224E35C-7B38-47A4-976A-1C6436A232A8}.Debug|iPhoneSimulator.Build.0 = Debug|Any CPU
		{E224E35C-7B38-47A4-976A-1C6436A232A8}.Debug|iPhoneSimulator.Deploy.0 = Debug|Any CPU
		{E224E35C-7B38-47A4-976A-1C6436A232A8}.Release|Any CPU.ActiveCfg = Release|Any CPU
		{E224E35C-7B38-47A4-976A-1C6436A232A8}.Release|Any CPU.Build.0 = Release|Any CPU
		{E224E35C-7B38-47A4-976A-1C6436A232A8}.Release|Any CPU.Deploy.0 = Release|Any CPU
		{E224E35C-7B38-47A4-976A-1C6436A232A8}.Release|iPhone.ActiveCfg = Release|Any CPU
		{E224E35C-7B38-47A4-976A-1C6436A232A8}.Release|iPhone.Build.0 = Release|Any CPU
		{E224E35C-7B38-47A4-976A-1C6436A232A8}.Release|iPhone.Deploy.0 = Release|Any CPU
		{E224E35C-7B38-47A4-976A-1C6436A232A8}.Release|iPhoneSimulator.ActiveCfg = Release|Any CPU
		{E224E35C-7B38-47A4-976A-1C6436A232A8}.Release|iPhoneSimulator.Build.0 = Release|Any CPU
		{E224E35C-7B38-47A4-976A-1C6436A232A8}.Release|iPhoneSimulator.Deploy.0 = Release|Any CPU
		{A5271872-1B8D-4D52-97FD-73448CCF2616}.Debug|Any CPU.ActiveCfg = Debug|iPhone
		{A5271872-1B8D-4D52-97FD-73448CCF2616}.Debug|Any CPU.Build.0 = Debug|iPhone
		{A5271872-1B8D-4D52-97FD-73448CCF2616}.Debug|Any CPU.Deploy.0 = Debug|iPhone
		{A5271872-1B8D-4D52-97FD-73448CCF2616}.Debug|iPhone.ActiveCfg = Debug|iPhone
		{A5271872-1B8D-4D52-97FD-73448CCF2616}.Debug|iPhone.Build.0 = Debug|iPhone
		{A5271872-1B8D-4D52-97FD-73448CCF2616}.Debug|iPhone.Deploy.0 = Debug|iPhone
		{A5271872-1B8D-4D52-97FD-73448CCF2616}.Debug|iPhoneSimulator.ActiveCfg = Debug|iPhoneSimulator
		{A5271872-1B8D-4D52-97FD-73448CCF2616}.Debug|iPhoneSimulator.Build.0 = Debug|iPhoneSimulator
		{A5271872-1B8D-4D52-97FD-73448CCF2616}.Debug|iPhoneSimulator.Deploy.0 = Debug|iPhoneSimulator
		{A5271872-1B8D-4D52-97FD-73448CCF2616}.Release|Any CPU.ActiveCfg = Release|iPhoneSimulator
		{A5271872-1B8D-4D52-97FD-73448CCF2616}.Release|Any CPU.Build.0 = Release|iPhoneSimulator
		{A5271872-1B8D-4D52-97FD-73448CCF2616}.Release|Any CPU.Deploy.0 = Release|iPhoneSimulator
		{A5271872-1B8D-4D52-97FD-73448CCF2616}.Release|iPhone.ActiveCfg = Release|iPhone
		{A5271872-1B8D-4D52-97FD-73448CCF2616}.Release|iPhone.Build.0 = Release|iPhone
		{A5271872-1B8D-4D52-97FD-73448CCF2616}.Release|iPhone.Deploy.0 = Release|iPhone
		{A5271872-1B8D-4D52-97FD-73448CCF2616}.Release|iPhoneSimulator.ActiveCfg = Release|iPhoneSimulator
		{A5271872-1B8D-4D52-97FD-73448CCF2616}.Release|iPhoneSimulator.Build.0 = Release|iPhoneSimulator
		{A5271872-1B8D-4D52-97FD-73448CCF2616}.Release|iPhoneSimulator.Deploy.0 = Release|iPhoneSimulator
		{EAC46B92-06BD-433C-8B10-00250C94BA08}.Debug|Any CPU.ActiveCfg = Debug|Any CPU
		{EAC46B92-06BD-433C-8B10-00250C94BA08}.Debug|Any CPU.Build.0 = Debug|Any CPU
		{EAC46B92-06BD-433C-8B10-00250C94BA08}.Debug|Any CPU.Deploy.0 = Debug|Any CPU
		{EAC46B92-06BD-433C-8B10-00250C94BA08}.Debug|iPhone.ActiveCfg = Debug|Any CPU
		{EAC46B92-06BD-433C-8B10-00250C94BA08}.Debug|iPhone.Build.0 = Debug|Any CPU
		{EAC46B92-06BD-433C-8B10-00250C94BA08}.Debug|iPhone.Deploy.0 = Debug|Any CPU
		{EAC46B92-06BD-433C-8B10-00250C94BA08}.Debug|iPhoneSimulator.ActiveCfg = Debug|Any CPU
		{EAC46B92-06BD-433C-8B10-00250C94BA08}.Debug|iPhoneSimulator.Build.0 = Debug|Any CPU
		{EAC46B92-06BD-433C-8B10-00250C94BA08}.Debug|iPhoneSimulator.Deploy.0 = Debug|Any CPU
		{EAC46B92-06BD-433C-8B10-00250C94BA08}.Release|Any CPU.ActiveCfg = Release|Any CPU
		{EAC46B92-06BD-433C-8B10-00250C94BA08}.Release|Any CPU.Build.0 = Release|Any CPU
		{EAC46B92-06BD-433C-8B10-00250C94BA08}.Release|Any CPU.Deploy.0 = Release|Any CPU
		{EAC46B92-06BD-433C-8B10-00250C94BA08}.Release|iPhone.ActiveCfg = Release|Any CPU
		{EAC46B92-06BD-433C-8B10-00250C94BA08}.Release|iPhone.Build.0 = Release|Any CPU
		{EAC46B92-06BD-433C-8B10-00250C94BA08}.Release|iPhone.Deploy.0 = Release|Any CPU
		{EAC46B92-06BD-433C-8B10-00250C94BA08}.Release|iPhoneSimulator.ActiveCfg = Release|Any CPU
		{EAC46B92-06BD-433C-8B10-00250C94BA08}.Release|iPhoneSimulator.Build.0 = Release|Any CPU
		{EAC46B92-06BD-433C-8B10-00250C94BA08}.Release|iPhoneSimulator.Deploy.0 = Release|Any CPU
	EndGlobalSection
	GlobalSection(SolutionProperties) = preSolution
		HideSolutionNode = FALSE
	EndGlobalSection
	GlobalSection(ExtensibilityGlobals) = postSolution
		SolutionGuid = {16AD9922-BE5B-49FD-B258-945453D0CB73}
	EndGlobalSection
EndGlobal
